
Microsoft Visual Studio Solution File, Format Version 12.00
# Visual Studio Version 17
VisualStudioVersion = 17.13.35931.197
MinimumVisualStudioVersion = 10.0.40219.1
Project("{2150E333-8FDC-42A3-9474-1A3956D46DE8}") = "SharedLibrary", "SharedLibrary", "{02EA681E-C7D8-13C7-8484-4AC65E1B71E8}"
EndProject
Project("{FAE04EC0-301F-11D3-BF4B-00C04F79EFBC}") = "SharedLibrary", "SharedLibrary\SharedLibrary.csproj", "{BBA155D9-852D-484E-9771-F10FE35DA2E9}"
EndProject
Project("{2150E333-8FDC-42A3-9474-1A3956D46DE8}") = "Services", "Services", "{3F3B293F-8B0B-4977-8A69-1B4105631173}"
EndProject
Project("{2150E333-8FDC-42A3-9474-1A3956D46DE8}") = "ExamService", "ExamService", "{35810C94-314A-4226-B3F5-B4416B2198A2}"
EndProject
Project("{FAE04EC0-301F-11D3-BF4B-00C04F79EFBC}") = "ExamService.API", "Services\ExamService\ExamService.API\ExamService.API.csproj", "{C1CE53BB-14D0-9635-81B4-744EF820C215}"
EndProject
Project("{FAE04EC0-301F-11D3-BF4B-00C04F79EFBC}") = "ExamService.Domain", "Services\ExamService\ExamService.Domain\ExamService.Domain.csproj", "{E663BF9A-02AE-4C21-A6FE-467B048427EF}"
EndProject
Project("{FAE04EC0-301F-11D3-BF4B-00C04F79EFBC}") = "ExamService.Infrastructure", "Services\ExamService\ExamService.Infrastructure\ExamService.Infrastructure.csproj", "{1846A143-D644-402B-8AE0-40225E6F93E7}"
EndProject
Project("{FAE04EC0-301F-11D3-BF4B-00C04F79EFBC}") = "ExamService.Application", "Services\ExamService\ExamService.Application\ExamService.Application.csproj", "{F8747CD8-7F4E-3E44-70D2-21B34D9CB045}"
EndProject
Project("{2150E333-8FDC-42A3-9474-1A3956D46DE8}") = "IdentityService", "IdentityService", "{84B030F4-F631-421D-985C-D5BBA8DCA9FF}"
EndProject
Project("{FAE04EC0-301F-11D3-BF4B-00C04F79EFBC}") = "IdentityService.API", "Services\IdentityService\IdentityService.API\IdentityService.API.csproj", "{9649DA29-2683-6FA6-EB29-87E5F2A43FCD}"
EndProject
Project("{FAE04EC0-301F-11D3-BF4B-00C04F79EFBC}") = "IdentityService.Application", "Services\IdentityService\IdentityService.Application\IdentityService.Application.csproj", "{5F62DFF6-4C38-4ACC-8308-B1023693E684}"
EndProject
Project("{FAE04EC0-301F-11D3-BF4B-00C04F79EFBC}") = "IdentityService.Infrastructure", "Services\IdentityService\IdentityService.Infrastructure\IdentityService.Infrastructure.csproj", "{EF62BC31-D54B-4D40-8B45-77C55D0C996F}"
EndProject
Project("{FAE04EC0-301F-11D3-BF4B-00C04F79EFBC}") = "IdentityService.Domain", "Services\IdentityService\IdentityService.Domain\IdentityService.Domain.csproj", "{75F35423-AE5E-45EF-994C-1879464BAE82}"
EndProject
Project("{2150E333-8FDC-42A3-9474-1A3956D46DE8}") = "Solution Items", "Solution Items", "{8EC462FD-D22E-90A8-E5CE-7E832BA40C5D}"
	ProjectSection(SolutionItems) = preProject
		docker-compose.yml = docker-compose.yml
	EndProjectSection
EndProject
Project("{2150E333-8FDC-42A3-9474-1A3956D46DE8}") = "GradingService", "GradingService", "{25F9BFB6-83D3-4498-875E-D321484989A4}"
EndProject
Project("{FAE04EC0-301F-11D3-BF4B-00C04F79EFBC}") = "GradingService.API", "Services\GradingService\GradingService.API\GradingService.API.csproj", "{3E8186E5-4C6B-A3D4-8B34-DF4C9FD7E5DD}"
EndProject
Project("{FAE04EC0-301F-11D3-BF4B-00C04F79EFBC}") = "GradingService.Application", "Services\GradingService\GradingService.Application\GradingService.Application.csproj", "{ED1E5ACC-075C-4DFC-948E-A207CCD2C01B}"
EndProject
Project("{FAE04EC0-301F-11D3-BF4B-00C04F79EFBC}") = "GradingService.Domain", "Services\GradingService\GradingService.Domain\GradingService.Domain.csproj", "{70103A40-1182-40E4-BDE2-C7445C0D5EE7}"
EndProject
Project("{FAE04EC0-301F-11D3-BF4B-00C04F79EFBC}") = "GradingService.Infrastructure", "Services\GradingService\GradingService.Infrastructure\GradingService.Infrastructure.csproj", "{6E8B05B3-B636-A2A0-FD8E-8DCD51CC3168}"
EndProject
Project("{2150E333-8FDC-42A3-9474-1A3956D46DE8}") = "ScanService", "ScanService", "{FF8E7D7E-B139-43C0-967A-6EF845CB7433}"
EndProject
Project("{FAE04EC0-301F-11D3-BF4B-00C04F79EFBC}") = "ScanService.Application", "Services\ScanService\ScanService.Application\ScanService.Application.csproj", "{012C6793-13C9-4692-8581-37E79AADEF86}"
EndProject
Project("{FAE04EC0-301F-11D3-BF4B-00C04F79EFBC}") = "ScanService.Infrastructure", "Services\ScanService\ScanService.Infrastructure\ScanService.Infrastructure.csproj", "{9C144F73-0997-40D2-A477-BCF2526FD947}"
EndProject
Project("{FAE04EC0-301F-11D3-BF4B-00C04F79EFBC}") = "ScanService.Domain", "Services\ScanService\ScanService.Domain\ScanService.Domain.csproj", "{7B9B6A7D-515E-4660-B08C-9E4984CC4EE8}"
EndProject
Project("{FAE04EC0-301F-11D3-BF4B-00C04F79EFBC}") = "ScanService.Worker", "Services\ScanService\ScanService.Worker\ScanService.Worker.csproj", "{96405198-7B20-404D-9ED5-252DDDB01999}"
EndProject
Project("{2150E333-8FDC-42A3-9474-1A3956D46DE8}") = "Docker", "Docker", "{E759652D-18CE-4C06-B58E-4B75CB5EE283}"
EndProject
Project("{2150E333-8FDC-42A3-9474-1A3956D46DE8}") = "Ollama", "Ollama", "{6D0F1B12-254E-4370-9184-9D42E64B27EE}"
	ProjectSection(SolutionItems) = preProject
		Docker\Ollama\Dockerfile = Docker\Ollama\Dockerfile
	EndProjectSection
EndProject
Project("{2150E333-8FDC-42A3-9474-1A3956D46DE8}") = "ApiGateway", "ApiGateway", "{994CCF93-47B0-40F0-A340-417232B6D1E2}"
EndProject
Project("{FAE04EC0-301F-11D3-BF4B-00C04F79EFBC}") = "ApiGateway", "ApiGateway\ApiGateway\ApiGateway.csproj", "{C3FF9C7B-DC19-52B5-B861-716F1AFD9714}"
EndProject
Global
	GlobalSection(SolutionConfigurationPlatforms) = preSolution
		Debug|Any CPU = Debug|Any CPU
		Release|Any CPU = Release|Any CPU
	EndGlobalSection
	GlobalSection(ProjectConfigurationPlatforms) = postSolution
		{BBA155D9-852D-484E-9771-F10FE35DA2E9}.Debug|Any CPU.ActiveCfg = Debug|Any CPU
		{BBA155D9-852D-484E-9771-F10FE35DA2E9}.Debug|Any CPU.Build.0 = Debug|Any CPU
		{BBA155D9-852D-484E-9771-F10FE35DA2E9}.Release|Any CPU.ActiveCfg = Release|Any CPU
		{BBA155D9-852D-484E-9771-F10FE35DA2E9}.Release|Any CPU.Build.0 = Release|Any CPU
		{C1CE53BB-14D0-9635-81B4-744EF820C215}.Debug|Any CPU.ActiveCfg = Debug|Any CPU
		{C1CE53BB-14D0-9635-81B4-744EF820C215}.Debug|Any CPU.Build.0 = Debug|Any CPU
		{C1CE53BB-14D0-9635-81B4-744EF820C215}.Release|Any CPU.ActiveCfg = Release|Any CPU
		{C1CE53BB-14D0-9635-81B4-744EF820C215}.Release|Any CPU.Build.0 = Release|Any CPU
		{E663BF9A-02AE-4C21-A6FE-467B048427EF}.Debug|Any CPU.ActiveCfg = Debug|Any CPU
		{E663BF9A-02AE-4C21-A6FE-467B048427EF}.Debug|Any CPU.Build.0 = Debug|Any CPU
		{E663BF9A-02AE-4C21-A6FE-467B048427EF}.Release|Any CPU.ActiveCfg = Release|Any CPU
		{E663BF9A-02AE-4C21-A6FE-467B048427EF}.Release|Any CPU.Build.0 = Release|Any CPU
		{1846A143-D644-402B-8AE0-40225E6F93E7}.Debug|Any CPU.ActiveCfg = Debug|Any CPU
		{1846A143-D644-402B-8AE0-40225E6F93E7}.Debug|Any CPU.Build.0 = Debug|Any CPU
		{1846A143-D644-402B-8AE0-40225E6F93E7}.Release|Any CPU.ActiveCfg = Release|Any CPU
		{1846A143-D644-402B-8AE0-40225E6F93E7}.Release|Any CPU.Build.0 = Release|Any CPU
		{F8747CD8-7F4E-3E44-70D2-21B34D9CB045}.Debug|Any CPU.ActiveCfg = Debug|Any CPU
		{F8747CD8-7F4E-3E44-70D2-21B34D9CB045}.Debug|Any CPU.Build.0 = Debug|Any CPU
		{F8747CD8-7F4E-3E44-70D2-21B34D9CB045}.Release|Any CPU.ActiveCfg = Release|Any CPU
		{F8747CD8-7F4E-3E44-70D2-21B34D9CB045}.Release|Any CPU.Build.0 = Release|Any CPU
		{9649DA29-2683-6FA6-EB29-87E5F2A43FCD}.Debug|Any CPU.ActiveCfg = Debug|Any CPU
		{9649DA29-2683-6FA6-EB29-87E5F2A43FCD}.Debug|Any CPU.Build.0 = Debug|Any CPU
		{9649DA29-2683-6FA6-EB29-87E5F2A43FCD}.Release|Any CPU.ActiveCfg = Release|Any CPU
		{9649DA29-2683-6FA6-EB29-87E5F2A43FCD}.Release|Any CPU.Build.0 = Release|Any CPU
		{5F62DFF6-4C38-4ACC-8308-B1023693E684}.Debug|Any CPU.ActiveCfg = Debug|Any CPU
		{5F62DFF6-4C38-4ACC-8308-B1023693E684}.Debug|Any CPU.Build.0 = Debug|Any CPU
		{5F62DFF6-4C38-4ACC-8308-B1023693E684}.Release|Any CPU.ActiveCfg = Release|Any CPU
		{5F62DFF6-4C38-4ACC-8308-B1023693E684}.Release|Any CPU.Build.0 = Release|Any CPU
		{EF62BC31-D54B-4D40-8B45-77C55D0C996F}.Debug|Any CPU.ActiveCfg = Debug|Any CPU
		{EF62BC31-D54B-4D40-8B45-77C55D0C996F}.Debug|Any CPU.Build.0 = Debug|Any CPU
		{EF62BC31-D54B-4D40-8B45-77C55D0C996F}.Release|Any CPU.ActiveCfg = Release|Any CPU
		{EF62BC31-D54B-4D40-8B45-77C55D0C996F}.Release|Any CPU.Build.0 = Release|Any CPU
		{75F35423-AE5E-45EF-994C-1879464BAE82}.Debug|Any CPU.ActiveCfg = Debug|Any CPU
		{75F35423-AE5E-45EF-994C-1879464BAE82}.Debug|Any CPU.Build.0 = Debug|Any CPU
		{75F35423-AE5E-45EF-994C-1879464BAE82}.Release|Any CPU.ActiveCfg = Release|Any CPU
		{75F35423-AE5E-45EF-994C-1879464BAE82}.Release|Any CPU.Build.0 = Release|Any CPU
		{3E8186E5-4C6B-A3D4-8B34-DF4C9FD7E5DD}.Debug|Any CPU.ActiveCfg = Debug|Any CPU
		{3E8186E5-4C6B-A3D4-8B34-DF4C9FD7E5DD}.Debug|Any CPU.Build.0 = Debug|Any CPU
		{3E8186E5-4C6B-A3D4-8B34-DF4C9FD7E5DD}.Release|Any CPU.ActiveCfg = Release|Any CPU
		{3E8186E5-4C6B-A3D4-8B34-DF4C9FD7E5DD}.Release|Any CPU.Build.0 = Release|Any CPU
		{ED1E5ACC-075C-4DFC-948E-A207CCD2C01B}.Debug|Any CPU.ActiveCfg = Debug|Any CPU
		{ED1E5ACC-075C-4DFC-948E-A207CCD2C01B}.Debug|Any CPU.Build.0 = Debug|Any CPU
		{ED1E5ACC-075C-4DFC-948E-A207CCD2C01B}.Release|Any CPU.ActiveCfg = Release|Any CPU
		{ED1E5ACC-075C-4DFC-948E-A207CCD2C01B}.Release|Any CPU.Build.0 = Release|Any CPU
		{70103A40-1182-40E4-BDE2-C7445C0D5EE7}.Debug|Any CPU.ActiveCfg = Debug|Any CPU
		{70103A40-1182-40E4-BDE2-C7445C0D5EE7}.Debug|Any CPU.Build.0 = Debug|Any CPU
		{70103A40-1182-40E4-BDE2-C7445C0D5EE7}.Release|Any CPU.ActiveCfg = Release|Any CPU
		{70103A40-1182-40E4-BDE2-C7445C0D5EE7}.Release|Any CPU.Build.0 = Release|Any CPU
		{6E8B05B3-B636-A2A0-FD8E-8DCD51CC3168}.Debug|Any CPU.ActiveCfg = Debug|Any CPU
		{6E8B05B3-B636-A2A0-FD8E-8DCD51CC3168}.Debug|Any CPU.Build.0 = Debug|Any CPU
		{6E8B05B3-B636-A2A0-FD8E-8DCD51CC3168}.Release|Any CPU.ActiveCfg = Release|Any CPU
		{6E8B05B3-B636-A2A0-FD8E-8DCD51CC3168}.Release|Any CPU.Build.0 = Release|Any CPU
		{012C6793-13C9-4692-8581-37E79AADEF86}.Debug|Any CPU.ActiveCfg = Debug|Any CPU
		{012C6793-13C9-4692-8581-37E79AADEF86}.Debug|Any CPU.Build.0 = Debug|Any CPU
		{012C6793-13C9-4692-8581-37E79AADEF86}.Release|Any CPU.ActiveCfg = Release|Any CPU
		{012C6793-13C9-4692-8581-37E79AADEF86}.Release|Any CPU.Build.0 = Release|Any CPU
		{9C144F73-0997-40D2-A477-BCF2526FD947}.Debug|Any CPU.ActiveCfg = Debug|Any CPU
		{9C144F73-0997-40D2-A477-BCF2526FD947}.Debug|Any CPU.Build.0 = Debug|Any CPU
		{9C144F73-0997-40D2-A477-BCF2526FD947}.Release|Any CPU.ActiveCfg = Release|Any CPU
		{9C144F73-0997-40D2-A477-BCF2526FD947}.Release|Any CPU.Build.0 = Release|Any CPU
		{7B9B6A7D-515E-4660-B08C-9E4984CC4EE8}.Debug|Any CPU.ActiveCfg = Debug|Any CPU
		{7B9B6A7D-515E-4660-B08C-9E4984CC4EE8}.Debug|Any CPU.Build.0 = Debug|Any CPU
		{7B9B6A7D-515E-4660-B08C-9E4984CC4EE8}.Release|Any CPU.ActiveCfg = Release|Any CPU
		{7B9B6A7D-515E-4660-B08C-9E4984CC4EE8}.Release|Any CPU.Build.0 = Release|Any CPU
		{96405198-7B20-404D-9ED5-252DDDB01999}.Debug|Any CPU.ActiveCfg = Debug|Any CPU
		{96405198-7B20-404D-9ED5-252DDDB01999}.Debug|Any CPU.Build.0 = Debug|Any CPU
		{96405198-7B20-404D-9ED5-252DDDB01999}.Release|Any CPU.ActiveCfg = Release|Any CPU
		{96405198-7B20-404D-9ED5-252DDDB01999}.Release|Any CPU.Build.0 = Release|Any CPU
		{C3FF9C7B-DC19-52B5-B861-716F1AFD9714}.Debug|Any CPU.ActiveCfg = Debug|Any CPU
		{C3FF9C7B-DC19-52B5-B861-716F1AFD9714}.Debug|Any CPU.Build.0 = Debug|Any CPU
		{C3FF9C7B-DC19-52B5-B861-716F1AFD9714}.Release|Any CPU.ActiveCfg = Release|Any CPU
		{C3FF9C7B-DC19-52B5-B861-716F1AFD9714}.Release|Any CPU.Build.0 = Release|Any CPU
	EndGlobalSection
	GlobalSection(SolutionProperties) = preSolution
		HideSolutionNode = FALSE
	EndGlobalSection
	GlobalSection(NestedProjects) = preSolution
		{BBA155D9-852D-484E-9771-F10FE35DA2E9} = {02EA681E-C7D8-13C7-8484-4AC65E1B71E8}
		{35810C94-314A-4226-B3F5-B4416B2198A2} = {3F3B293F-8B0B-4977-8A69-1B4105631173}
		{C1CE53BB-14D0-9635-81B4-744EF820C215} = {35810C94-314A-4226-B3F5-B4416B2198A2}
		{E663BF9A-02AE-4C21-A6FE-467B048427EF} = {35810C94-314A-4226-B3F5-B4416B2198A2}
		{1846A143-D644-402B-8AE0-40225E6F93E7} = {35810C94-314A-4226-B3F5-B4416B2198A2}
		{F8747CD8-7F4E-3E44-70D2-21B34D9CB045} = {35810C94-314A-4226-B3F5-B4416B2198A2}
		{84B030F4-F631-421D-985C-D5BBA8DCA9FF} = {3F3B293F-8B0B-4977-8A69-1B4105631173}
		{9649DA29-2683-6FA6-EB29-87E5F2A43FCD} = {84B030F4-F631-421D-985C-D5BBA8DCA9FF}
		{5F62DFF6-4C38-4ACC-8308-B1023693E684} = {84B030F4-F631-421D-985C-D5BBA8DCA9FF}
		{EF62BC31-D54B-4D40-8B45-77C55D0C996F} = {84B030F4-F631-421D-985C-D5BBA8DCA9FF}
		{75F35423-AE5E-45EF-994C-1879464BAE82} = {84B030F4-F631-421D-985C-D5BBA8DCA9FF}
		{25F9BFB6-83D3-4498-875E-D321484989A4} = {3F3B293F-8B0B-4977-8A69-1B4105631173}
		{3E8186E5-4C6B-A3D4-8B34-DF4C9FD7E5DD} = {25F9BFB6-83D3-4498-875E-D321484989A4}
		{ED1E5ACC-075C-4DFC-948E-A207CCD2C01B} = {25F9BFB6-83D3-4498-875E-D321484989A4}
		{70103A40-1182-40E4-BDE2-C7445C0D5EE7} = {25F9BFB6-83D3-4498-875E-D321484989A4}
		{6E8B05B3-B636-A2A0-FD8E-8DCD51CC3168} = {25F9BFB6-83D3-4498-875E-D321484989A4}
		{FF8E7D7E-B139-43C0-967A-6EF845CB7433} = {3F3B293F-8B0B-4977-8A69-1B4105631173}
		{012C6793-13C9-4692-8581-37E79AADEF86} = {FF8E7D7E-B139-43C0-967A-6EF845CB7433}
		{9C144F73-0997-40D2-A477-BCF2526FD947} = {FF8E7D7E-B139-43C0-967A-6EF845CB7433}
		{7B9B6A7D-515E-4660-B08C-9E4984CC4EE8} = {FF8E7D7E-B139-43C0-967A-6EF845CB7433}
		{96405198-7B20-404D-9ED5-252DDDB01999} = {FF8E7D7E-B139-43C0-967A-6EF845CB7433}
		{6D0F1B12-254E-4370-9184-9D42E64B27EE} = {E759652D-18CE-4C06-B58E-4B75CB5EE283}
		{C3FF9C7B-DC19-52B5-B861-716F1AFD9714} = {994CCF93-47B0-40F0-A340-417232B6D1E2}
	EndGlobalSection
	GlobalSection(ExtensibilityGlobals) = postSolution
		SolutionGuid = {7D791AAF-676D-40B5-8C48-1EA136DD272D}
	EndGlobalSection
EndGlobal
